
Microsoft Visual Studio Solution File, Format Version 12.00
# Visual Studio 11
Project("{FAE04EC0-301F-11D3-BF4B-00C04F79EFBC}") = "SubsonicMusicPlayer", "SubsonicMusicPlayer\SubsonicMusicPlayer.csproj", "{E0F3412A-B7D5-4943-932A-07C0FDA73D39}"
EndProject
Project("{FAE04EC0-301F-11D3-BF4B-00C04F79EFBC}") = "SubsonicApi", "SubsonicApi\SubsonicApi.csproj", "{ACB9AB69-BC7B-40A1-AEFB-033359F607DE}"
EndProject
Global
	GlobalSection(SolutionConfigurationPlatforms) = preSolution
		Debug|Any CPU = Debug|Any CPU
		Release|Any CPU = Release|Any CPU
	EndGlobalSection
	GlobalSection(ProjectConfigurationPlatforms) = postSolution
		{ACB9AB69-BC7B-40A1-AEFB-033359F607DE}.Debug|Any CPU.ActiveCfg = Debug|Any CPU
		{ACB9AB69-BC7B-40A1-AEFB-033359F607DE}.Debug|Any CPU.Build.0 = Debug|Any CPU
		{ACB9AB69-BC7B-40A1-AEFB-033359F607DE}.Release|Any CPU.ActiveCfg = Release|Any CPU
		{ACB9AB69-BC7B-40A1-AEFB-033359F607DE}.Release|Any CPU.Build.0 = Release|Any CPU
		{E0F3412A-B7D5-4943-932A-07C0FDA73D39}.Debug|Any CPU.ActiveCfg = Debug|Any CPU
		{E0F3412A-B7D5-4943-932A-07C0FDA73D39}.Debug|Any CPU.Build.0 = Debug|Any CPU
		{E0F3412A-B7D5-4943-932A-07C0FDA73D39}.Release|Any CPU.ActiveCfg = Release|Any CPU
		{E0F3412A-B7D5-4943-932A-07C0FDA73D39}.Release|Any CPU.Build.0 = Release|Any CPU
	EndGlobalSection
	GlobalSection(SolutionProperties) = preSolution
		HideSolutionNode = FALSE
	EndGlobalSection
EndGlobal
